// !$*UTF8*$!
{
	archiveVersion = 1;
	classes = {
	};
	objectVersion = 77;
	objects = {

/* Begin PBXContainerItemProxy section */
		9FB797EA2D21B13A00DE203A /* PBXContainerItemProxy */ = {
			isa = PBXContainerItemProxy;
			containerPortal = 9FB797D02D21B13900DE203A /* Project object */;
			proxyType = 1;
			remoteGlobalIDString = 9FB797D72D21B13900DE203A;
			remoteInfo = morse;
		};
		9FB797F42D21B13A00DE203A /* PBXContainerItemProxy */ = {
			isa = PBXContainerItemProxy;
			containerPortal = 9FB797D02D21B13900DE203A /* Project object */;
			proxyType = 1;
			remoteGlobalIDString = 9FB797D72D21B13900DE203A;
			remoteInfo = morse;
		};
/* End PBXContainerItemProxy section */

/* Begin PBXFileReference section */
		9FB797D82D21B13900DE203A /* morse.app */ = {isa = PBXFileReference; explicitFileType = wrapper.application; includeInIndex = 0; path = morse.app; sourceTree = BUILT_PRODUCTS_DIR; };
		9FB797E92D21B13A00DE203A /* morseTests.xctest */ = {isa = PBXFileReference; explicitFileType = wrapper.cfbundle; includeInIndex = 0; path = morseTests.xctest; sourceTree = BUILT_PRODUCTS_DIR; };
		9FB797F32D21B13A00DE203A /* morseUITests.xctest */ = {isa = PBXFileReference; explicitFileType = wrapper.cfbundle; includeInIndex = 0; path = morseUITests.xctest; sourceTree = BUILT_PRODUCTS_DIR; };
/* End PBXFileReference section */

/* Begin PBXFileSystemSynchronizedBuildFileExceptionSet section */
		9FB798072D21B79000DE203A /* Exceptions for "morse" folder in "morse" target */ = {
			isa = PBXFileSystemSynchronizedBuildFileExceptionSet;
			membershipExceptions = (
				Info.plist,
			);
			target = 9FB797D72D21B13900DE203A /* morse */;
		};
/* End PBXFileSystemSynchronizedBuildFileExceptionSet section */

/* Begin PBXFileSystemSynchronizedRootGroup section */
		9FB797DA2D21B13900DE203A /* morse */ = {
			isa = PBXFileSystemSynchronizedRootGroup;
			exceptions = (
				9FB798072D21B79000DE203A /* Exceptions for "morse" folder in "morse" target */,
			);
			path = morse;
			sourceTree = "<group>";
		};
		9FB797EC2D21B13A00DE203A /* morseTests */ = {
			isa = PBXFileSystemSynchronizedRootGroup;
			path = morseTests;
			sourceTree = "<group>";
		};
		9FB797F62D21B13A00DE203A /* morseUITests */ = {
			isa = PBXFileSystemSynchronizedRootGroup;
			path = morseUITests;
			sourceTree = "<group>";
		};
/* End PBXFileSystemSynchronizedRootGroup section */

/* Begin PBXFrameworksBuildPhase section */
		9FB797D52D21B13900DE203A /* Frameworks */ = {
			isa = PBXFrameworksBuildPhase;
			buildActionMask = 2147483647;
			files = (
			);
			runOnlyForDeploymentPostprocessing = 0;
		};
		9FB797E62D21B13A00DE203A /* Frameworks */ = {
			isa = PBXFrameworksBuildPhase;
			buildActionMask = 2147483647;
			files = (
			);
			runOnlyForDeploymentPostprocessing = 0;
		};
		9FB797F02D21B13A00DE203A /* Frameworks */ = {
			isa = PBXFrameworksBuildPhase;
			buildActionMask = 2147483647;
			files = (
			);
			runOnlyForDeploymentPostprocessing = 0;
		};
/* End PBXFrameworksBuildPhase section */

/* Begin PBXGroup section */
		9FB797CF2D21B13900DE203A = {
			isa = PBXGroup;
			children = (
				9FB797DA2D21B13900DE203A /* morse */,
				9FB797EC2D21B13A00DE203A /* morseTests */,
				9FB797F62D21B13A00DE203A /* morseUITests */,
				9FB797D92D21B13900DE203A /* Products */,
			);
			sourceTree = "<group>";
		};
		9FB797D92D21B13900DE203A /* Products */ = {
			isa = PBXGroup;
			children = (
				9FB797D82D21B13900DE203A /* morse.app */,
				9FB797E92D21B13A00DE203A /* morseTests.xctest */,
				9FB797F32D21B13A00DE203A /* morseUITests.xctest */,
			);
			name = Products;
			sourceTree = "<group>";
		};
/* End PBXGroup section */

/* Begin PBXNativeTarget section */
		9FB797D72D21B13900DE203A /* morse */ = {
			isa = PBXNativeTarget;
			buildConfigurationList = 9FB797FD2D21B13A00DE203A /* Build configuration list for PBXNativeTarget "morse" */;
			buildPhases = (
				9FB797D42D21B13900DE203A /* Sources */,
				9FB797D52D21B13900DE203A /* Frameworks */,
				9FB797D62D21B13900DE203A /* Resources */,
			);
			buildRules = (
			);
			dependencies = (
			);
			fileSystemSynchronizedGroups = (
				9FB797DA2D21B13900DE203A /* morse */,
			);
			name = morse;
			packageProductDependencies = (
			);
			productName = morse;
			productReference = 9FB797D82D21B13900DE203A /* morse.app */;
			productType = "com.apple.product-type.application";
		};
		9FB797E82D21B13A00DE203A /* morseTests */ = {
			isa = PBXNativeTarget;
			buildConfigurationList = 9FB798002D21B13A00DE203A /* Build configuration list for PBXNativeTarget "morseTests" */;
			buildPhases = (
				9FB797E52D21B13A00DE203A /* Sources */,
				9FB797E62D21B13A00DE203A /* Frameworks */,
				9FB797E72D21B13A00DE203A /* Resources */,
			);
			buildRules = (
			);
			dependencies = (
				9FB797EB2D21B13A00DE203A /* PBXTargetDependency */,
			);
			fileSystemSynchronizedGroups = (
				9FB797EC2D21B13A00DE203A /* morseTests */,
			);
			name = morseTests;
			packageProductDependencies = (
			);
			productName = morseTests;
			productReference = 9FB797E92D21B13A00DE203A /* morseTests.xctest */;
			productType = "com.apple.product-type.bundle.unit-test";
		};
		9FB797F22D21B13A00DE203A /* morseUITests */ = {
			isa = PBXNativeTarget;
			buildConfigurationList = 9FB798032D21B13A00DE203A /* Build configuration list for PBXNativeTarget "morseUITests" */;
			buildPhases = (
				9FB797EF2D21B13A00DE203A /* Sources */,
				9FB797F02D21B13A00DE203A /* Frameworks */,
				9FB797F12D21B13A00DE203A /* Resources */,
			);
			buildRules = (
			);
			dependencies = (
				9FB797F52D21B13A00DE203A /* PBXTargetDependency */,
			);
			fileSystemSynchronizedGroups = (
				9FB797F62D21B13A00DE203A /* morseUITests */,
			);
			name = morseUITests;
			packageProductDependencies = (
			);
			productName = morseUITests;
			productReference = 9FB797F32D21B13A00DE203A /* morseUITests.xctest */;
			productType = "com.apple.product-type.bundle.ui-testing";
		};
/* End PBXNativeTarget section */

/* Begin PBXProject section */
		9FB797D02D21B13900DE203A /* Project object */ = {
			isa = PBXProject;
			attributes = {
				BuildIndependentTargetsInParallel = 1;
				LastSwiftUpdateCheck = 1620;
				LastUpgradeCheck = 1620;
				TargetAttributes = {
					9FB797D72D21B13900DE203A = {
						CreatedOnToolsVersion = 16.2;
					};
					9FB797E82D21B13A00DE203A = {
						CreatedOnToolsVersion = 16.2;
						TestTargetID = 9FB797D72D21B13900DE203A;
					};
					9FB797F22D21B13A00DE203A = {
						CreatedOnToolsVersion = 16.2;
						TestTargetID = 9FB797D72D21B13900DE203A;
					};
				};
			};
			buildConfigurationList = 9FB797D32D21B13900DE203A /* Build configuration list for PBXProject "morse" */;
			developmentRegion = en;
			hasScannedForEncodings = 0;
			knownRegions = (
				en,
				Base,
			);
			mainGroup = 9FB797CF2D21B13900DE203A;
			minimizedProjectReferenceProxies = 1;
			preferredProjectObjectVersion = 77;
			productRefGroup = 9FB797D92D21B13900DE203A /* Products */;
			projectDirPath = "";
			projectRoot = "";
			targets = (
				9FB797D72D21B13900DE203A /* morse */,
				9FB797E82D21B13A00DE203A /* morseTests */,
				9FB797F22D21B13A00DE203A /* morseUITests */,
			);
		};
/* End PBXProject section */

/* Begin PBXResourcesBuildPhase section */
		9FB797D62D21B13900DE203A /* Resources */ = {
			isa = PBXResourcesBuildPhase;
			buildActionMask = 2147483647;
			files = (
			);
			runOnlyForDeploymentPostprocessing = 0;
		};
		9FB797E72D21B13A00DE203A /* Resources */ = {
			isa = PBXResourcesBuildPhase;
			buildActionMask = 2147483647;
			files = (
			);
			runOnlyForDeploymentPostprocessing = 0;
		};
		9FB797F12D21B13A00DE203A /* Resources */ = {
			isa = PBXResourcesBuildPhase;
			buildActionMask = 2147483647;
			files = (
			);
			runOnlyForDeploymentPostprocessing = 0;
		};
/* End PBXResourcesBuildPhase section */

/* Begin PBXSourcesBuildPhase section */
		9FB797D42D21B13900DE203A /* Sources */ = {
			isa = PBXSourcesBuildPhase;
			buildActionMask = 2147483647;
			files = (
			);
			runOnlyForDeploymentPostprocessing = 0;
		};
		9FB797E52D21B13A00DE203A /* Sources */ = {
			isa = PBXSourcesBuildPhase;
			buildActionMask = 2147483647;
			files = (
			);
			runOnlyForDeploymentPostprocessing = 0;
		};
		9FB797EF2D21B13A00DE203A /* Sources */ = {
			isa = PBXSourcesBuildPhase;
			buildActionMask = 2147483647;
			files = (
			);
			runOnlyForDeploymentPostprocessing = 0;
		};
/* End PBXSourcesBuildPhase section */

/* Begin PBXTargetDependency section */
		9FB797EB2D21B13A00DE203A /* PBXTargetDependency */ = {
			isa = PBXTargetDependency;
			target = 9FB797D72D21B13900DE203A /* morse */;
			targetProxy = 9FB797EA2D21B13A00DE203A /* PBXContainerItemProxy */;
		};
		9FB797F52D21B13A00DE203A /* PBXTargetDependency */ = {
			isa = PBXTargetDependency;
			target = 9FB797D72D21B13900DE203A /* morse */;
			targetProxy = 9FB797F42D21B13A00DE203A /* PBXContainerItemProxy */;
		};
/* End PBXTargetDependency section */

/* Begin XCBuildConfiguration section */
		9FB797FB2D21B13A00DE203A /* Debug */ = {
			isa = XCBuildConfiguration;
			buildSettings = {
				ALWAYS_SEARCH_USER_PATHS = NO;
				ASSETCATALOG_COMPILER_GENERATE_SWIFT_ASSET_SYMBOL_EXTENSIONS = YES;
				CLANG_ANALYZER_NONNULL = YES;
				CLANG_ANALYZER_NUMBER_OBJECT_CONVERSION = YES_AGGRESSIVE;
				CLANG_CXX_LANGUAGE_STANDARD = "gnu++20";
				CLANG_ENABLE_MODULES = YES;
				CLANG_ENABLE_OBJC_ARC = YES;
				CLANG_ENABLE_OBJC_WEAK = YES;
				CLANG_WARN_BLOCK_CAPTURE_AUTORELEASING = YES;
				CLANG_WARN_BOOL_CONVERSION = YES;
				CLANG_WARN_COMMA = YES;
				CLANG_WARN_CONSTANT_CONVERSION = YES;
				CLANG_WARN_DEPRECATED_OBJC_IMPLEMENTATIONS = YES;
				CLANG_WARN_DIRECT_OBJC_ISA_USAGE = YES_ERROR;
				CLANG_WARN_DOCUMENTATION_COMMENTS = YES;
				CLANG_WARN_EMPTY_BODY = YES;
				CLANG_WARN_ENUM_CONVERSION = YES;
				CLANG_WARN_INFINITE_RECURSION = YES;
				CLANG_WARN_INT_CONVERSION = YES;
				CLANG_WARN_NON_LITERAL_NULL_CONVERSION = YES;
				CLANG_WARN_OBJC_IMPLICIT_RETAIN_SELF = YES;
				CLANG_WARN_OBJC_LITERAL_CONVERSION = YES;
				CLANG_WARN_OBJC_ROOT_CLASS = YES_ERROR;
				CLANG_WARN_QUOTED_INCLUDE_IN_FRAMEWORK_HEADER = YES;
				CLANG_WARN_RANGE_LOOP_ANALYSIS = YES;
				CLANG_WARN_STRICT_PROTOTYPES = YES;
				CLANG_WARN_SUSPICIOUS_MOVE = YES;
				CLANG_WARN_UNGUARDED_AVAILABILITY = YES_AGGRESSIVE;
				CLANG_WARN_UNREACHABLE_CODE = YES;
				CLANG_WARN__DUPLICATE_METHOD_MATCH = YES;
				COPY_PHASE_STRIP = NO;
				DEBUG_INFORMATION_FORMAT = dwarf;
				ENABLE_STRICT_OBJC_MSGSEND = YES;
				ENABLE_TESTABILITY = YES;
				ENABLE_USER_SCRIPT_SANDBOXING = YES;
				GCC_C_LANGUAGE_STANDARD = gnu17;
				GCC_DYNAMIC_NO_PIC = NO;
				GCC_NO_COMMON_BLOCKS = YES;
				GCC_OPTIMIZATION_LEVEL = 0;
				GCC_PREPROCESSOR_DEFINITIONS = (
					"DEBUG=1",
					"$(inherited)",
				);
				GCC_WARN_64_TO_32_BIT_CONVERSION = YES;
				GCC_WARN_ABOUT_RETURN_TYPE = YES_ERROR;
				GCC_WARN_UNDECLARED_SELECTOR = YES;
				GCC_WARN_UNINITIALIZED_AUTOS = YES_AGGRESSIVE;
				GCC_WARN_UNUSED_FUNCTION = YES;
				GCC_WARN_UNUSED_VARIABLE = YES;
				LOCALIZATION_PREFERS_STRING_CATALOGS = YES;
				MACOSX_DEPLOYMENT_TARGET = 15.2;
				MTL_ENABLE_DEBUG_INFO = INCLUDE_SOURCE;
				MTL_FAST_MATH = YES;
				ONLY_ACTIVE_ARCH = YES;
				SDKROOT = macosx;
				SWIFT_ACTIVE_COMPILATION_CONDITIONS = "DEBUG $(inherited)";
				SWIFT_OPTIMIZATION_LEVEL = "-Onone";
			};
			name = Debug;
		};
		9FB797FC2D21B13A00DE203A /* Release */ = {
			isa = XCBuildConfiguration;
			buildSettings = {
				ALWAYS_SEARCH_USER_PATHS = NO;
				ASSETCATALOG_COMPILER_GENERATE_SWIFT_ASSET_SYMBOL_EXTENSIONS = YES;
				CLANG_ANALYZER_NONNULL = YES;
				CLANG_ANALYZER_NUMBER_OBJECT_CONVERSION = YES_AGGRESSIVE;
				CLANG_CXX_LANGUAGE_STANDARD = "gnu++20";
				CLANG_ENABLE_MODULES = YES;
				CLANG_ENABLE_OBJC_ARC = YES;
				CLANG_ENABLE_OBJC_WEAK = YES;
				CLANG_WARN_BLOCK_CAPTURE_AUTORELEASING = YES;
				CLANG_WARN_BOOL_CONVERSION = YES;
				CLANG_WARN_COMMA = YES;
				CLANG_WARN_CONSTANT_CONVERSION = YES;
				CLANG_WARN_DEPRECATED_OBJC_IMPLEMENTATIONS = YES;
				CLANG_WARN_DIRECT_OBJC_ISA_USAGE = YES_ERROR;
				CLANG_WARN_DOCUMENTATION_COMMENTS = YES;
				CLANG_WARN_EMPTY_BODY = YES;
				CLANG_WARN_ENUM_CONVERSION = YES;
				CLANG_WARN_INFINITE_RECURSION = YES;
				CLANG_WARN_INT_CONVERSION = YES;
				CLANG_WARN_NON_LITERAL_NULL_CONVERSION = YES;
				CLANG_WARN_OBJC_IMPLICIT_RETAIN_SELF = YES;
				CLANG_WARN_OBJC_LITERAL_CONVERSION = YES;
				CLANG_WARN_OBJC_ROOT_CLASS = YES_ERROR;
				CLANG_WARN_QUOTED_INCLUDE_IN_FRAMEWORK_HEADER = YES;
				CLANG_WARN_RANGE_LOOP_ANALYSIS = YES;
				CLANG_WARN_STRICT_PROTOTYPES = YES;
				CLANG_WARN_SUSPICIOUS_MOVE = YES;
				CLANG_WARN_UNGUARDED_AVAILABILITY = YES_AGGRESSIVE;
				CLANG_WARN_UNREACHABLE_CODE = YES;
				CLANG_WARN__DUPLICATE_METHOD_MATCH = YES;
				COPY_PHASE_STRIP = NO;
				DEBUG_INFORMATION_FORMAT = "dwarf-with-dsym";
				ENABLE_NS_ASSERTIONS = NO;
				ENABLE_STRICT_OBJC_MSGSEND = YES;
				ENABLE_USER_SCRIPT_SANDBOXING = YES;
				GCC_C_LANGUAGE_STANDARD = gnu17;
				GCC_NO_COMMON_BLOCKS = YES;
				GCC_WARN_64_TO_32_BIT_CONVERSION = YES;
				GCC_WARN_ABOUT_RETURN_TYPE = YES_ERROR;
				GCC_WARN_UNDECLARED_SELECTOR = YES;
				GCC_WARN_UNINITIALIZED_AUTOS = YES_AGGRESSIVE;
				GCC_WARN_UNUSED_FUNCTION = YES;
				GCC_WARN_UNUSED_VARIABLE = YES;
				LOCALIZATION_PREFERS_STRING_CATALOGS = YES;
				MACOSX_DEPLOYMENT_TARGET = 15.2;
				MTL_ENABLE_DEBUG_INFO = NO;
				MTL_FAST_MATH = YES;
				SDKROOT = macosx;
				SWIFT_COMPILATION_MODE = wholemodule;
			};
			name = Release;
		};
		9FB797FE2D21B13A00DE203A /* Debug */ = {
			isa = XCBuildConfiguration;
			buildSettings = {
				ASSETCATALOG_COMPILER_APPICON_NAME = AppIcon;
				ASSETCATALOG_COMPILER_GLOBAL_ACCENT_COLOR_NAME = AccentColor;
				CODE_SIGN_ENTITLEMENTS = morse/morse.entitlements;
				CODE_SIGN_STYLE = Automatic;
				COMBINE_HIDPI_IMAGES = YES;
				CURRENT_PROJECT_VERSION = 1;
				DEVELOPMENT_ASSET_PATHS = "\"morse/Preview Content\"";
				ENABLE_PREVIEWS = YES;
				GENERATE_INFOPLIST_FILE = YES;
				INFOPLIST_FILE = morse/Info.plist;
				INFOPLIST_KEY_LSUIElement = YES;
				INFOPLIST_KEY_NSHumanReadableCopyright = "";
				LD_RUNPATH_SEARCH_PATHS = (
					"$(inherited)",
					"@executable_path/../Frameworks",
				);
				MARKETING_VERSION = 1.0;
				PRODUCT_BUNDLE_IDENTIFIER = mrdog233o5.morse;
				PRODUCT_NAME = "$(TARGET_NAME)";
				SWIFT_EMIT_LOC_STRINGS = YES;
				SWIFT_VERSION = 5.0;
			};
			name = Debug;
		};
		9FB797FF2D21B13A00DE203A /* Release */ = {
			isa = XCBuildConfiguration;
			buildSettings = {
				ASSETCATALOG_COMPILER_APPICON_NAME = AppIcon;
				ASSETCATALOG_COMPILER_GLOBAL_ACCENT_COLOR_NAME = AccentColor;
				CODE_SIGN_ENTITLEMENTS = morse/morse.entitlements;
				CODE_SIGN_STYLE = Automatic;
				COMBINE_HIDPI_IMAGES = YES;
				CURRENT_PROJECT_VERSION = 1;
				DEVELOPMENT_ASSET_PATHS = "\"morse/Preview Content\"";
				ENABLE_PREVIEWS = YES;
				GENERATE_INFOPLIST_FILE = YES;
				INFOPLIST_FILE = morse/Info.plist;
				INFOPLIST_KEY_LSUIElement = YES;
				INFOPLIST_KEY_NSHumanReadableCopyright = "";
				LD_RUNPATH_SEARCH_PATHS = (
					"$(inherited)",
					"@executable_path/../Frameworks",
				);
				MARKETING_VERSION = 1.0;
				PRODUCT_BUNDLE_IDENTIFIER = mrdog233o5.morse;
				PRODUCT_NAME = "$(TARGET_NAME)";
				SWIFT_EMIT_LOC_STRINGS = YES;
				SWIFT_VERSION = 5.0;
			};
			name = Release;
		};
		9FB798012D21B13A00DE203A /* Debug */ = {
			isa = XCBuildConfiguration;
			buildSettings = {
				BUNDLE_LOADER = "$(TEST_HOST)";
				CODE_SIGN_STYLE = Automatic;
				CURRENT_PROJECT_VERSION = 1;
				GENERATE_INFOPLIST_FILE = YES;
				MACOSX_DEPLOYMENT_TARGET = 15.2;
				MARKETING_VERSION = 1.0;
				PRODUCT_BUNDLE_IDENTIFIER = mrdog233o5.morseTests;
				PRODUCT_NAME = "$(TARGET_NAME)";
				SWIFT_EMIT_LOC_STRINGS = NO;
				SWIFT_VERSION = 5.0;
				TEST_HOST = "$(BUILT_PRODUCTS_DIR)/morse.app/$(BUNDLE_EXECUTABLE_FOLDER_PATH)/morse";
			};
			name = Debug;
		};
		9FB798022D21B13A00DE203A /* Release */ = {
			isa = XCBuildConfiguration;
			buildSettings = {
				BUNDLE_LOADER = "$(TEST_HOST)";
				CODE_SIGN_STYLE = Automatic;
				CURRENT_PROJECT_VERSION = 1;
				GENERATE_INFOPLIST_FILE = YES;
				MACOSX_DEPLOYMENT_TARGET = 15.2;
				MARKETING_VERSION = 1.0;
				PRODUCT_BUNDLE_IDENTIFIER = mrdog233o5.morseTests;
				PRODUCT_NAME = "$(TARGET_NAME)";
				SWIFT_EMIT_LOC_STRINGS = NO;
				SWIFT_VERSION = 5.0;
				TEST_HOST = "$(BUILT_PRODUCTS_DIR)/morse.app/$(BUNDLE_EXECUTABLE_FOLDER_PATH)/morse";
			};
			name = Release;
		};
		9FB798042D21B13A00DE203A /* Debug */ = {
			isa = XCBuildConfiguration;
			buildSettings = {
				CODE_SIGN_STYLE = Automatic;
				CURRENT_PROJECT_VERSION = 1;
				GENERATE_INFOPLIST_FILE = YES;
				MARKETING_VERSION = 1.0;
				PRODUCT_BUNDLE_IDENTIFIER = mrdog233o5.morseUITests;
				PRODUCT_NAME = "$(TARGET_NAME)";
				SWIFT_EMIT_LOC_STRINGS = NO;
				SWIFT_VERSION = 5.0;
				TEST_TARGET_NAME = morse;
			};
			name = Debug;
		};
		9FB798052D21B13A00DE203A /* Release */ = {
			isa = XCBuildConfiguration;
			buildSettings = {
				CODE_SIGN_STYLE = Automatic;
				CURRENT_PROJECT_VERSION = 1;
				GENERATE_INFOPLIST_FILE = YES;
				MARKETING_VERSION = 1.0;
				PRODUCT_BUNDLE_IDENTIFIER = mrdog233o5.morseUITests;
				PRODUCT_NAME = "$(TARGET_NAME)";
				SWIFT_EMIT_LOC_STRINGS = NO;
				SWIFT_VERSION = 5.0;
				TEST_TARGET_NAME = morse;
			};
			name = Release;
		};
/* End XCBuildConfiguration section */

/* Begin XCConfigurationList section */
		9FB797D32D21B13900DE203A /* Build configuration list for PBXProject "morse" */ = {
			isa = XCConfigurationList;
			buildConfigurations = (
				9FB797FB2D21B13A00DE203A /* Debug */,
				9FB797FC2D21B13A00DE203A /* Release */,
			);
			defaultConfigurationIsVisible = 0;
			defaultConfigurationName = Release;
		};
		9FB797FD2D21B13A00DE203A /* Build configuration list for PBXNativeTarget "morse" */ = {
			isa = XCConfigurationList;
			buildConfigurations = (
				9FB797FE2D21B13A00DE203A /* Debug */,
				9FB797FF2D21B13A00DE203A /* Release */,
			);
			defaultConfigurationIsVisible = 0;
			defaultConfigurationName = Release;
		};
		9FB798002D21B13A00DE203A /* Build configuration list for PBXNativeTarget "morseTests" */ = {
			isa = XCConfigurationList;
			buildConfigurations = (
				9FB798012D21B13A00DE203A /* Debug */,
				9FB798022D21B13A00DE203A /* Release */,
			);
			defaultConfigurationIsVisible = 0;
			defaultConfigurationName = Release;
		};
		9FB798032D21B13A00DE203A /* Build configuration list for PBXNativeTarget "morseUITests" */ = {
			isa = XCConfigurationList;
			buildConfigurations = (
				9FB798042D21B13A00DE203A /* Debug */,
				9FB798052D21B13A00DE203A /* Release */,
			);
			defaultConfigurationIsVisible = 0;
			defaultConfigurationName = Release;
		};
/* End XCConfigurationList section */
	};
	rootObject = 9FB797D02D21B13900DE203A /* Project object */;
}
